<Solution>
  <Folder Name="/MCCSource/">
    <Project Path="MCCSource/MinecraftClient/MinecraftClient.csproj" />
  </Folder>
  <Folder Name="/MCCSource/ConsoleInteractive/" />
  <Folder Name="/MCCSource/ConsoleInteractive/ConsoleInteractive/">
    <Project Path="MCCSource/ConsoleInteractive/ConsoleInteractive/ConsoleInteractive/ConsoleInteractive.csproj" />
  </Folder>
  <Project Path="MCCX.App/MCCX.App.csproj" />
  <Project Path="MCCX.Core/MCCX.Core.csproj" />
  <Project Path="MCCX.SmokeTest/MCCX.SmokeTest.csproj" />
</Solution>
